github.com/bitly/go-hostpool v0.0.0-20171023180738-a3a6125de932 h1:mXoPYz/Ul5HYEDvkta6I8/rnYM5gSdSV2tJ6XbZuEtY=
github.com/bitly/go-hostpool v0.0.0-20171023180738-a3a6125de932/go.mod h1:NOuUCSz6Q9T7+igc/hlvDOUdtWKryOrtFyIVABv/p7k=
github.com/bmizerany/assert v0.0.0-20160611221934-b7ed37b82869 h1:DDGfHa7BWjL4YnC6+E63dPcxHo2sUxDIu8g3QgEJdRY=
github.com/bmizerany/assert v0.0.0-20160611221934-b7ed37b82869/go.mod h1:Ekp36dRnpXw/yCqJaO+ZrUyxD+3VXMFFr56k5XYrpB4=
github.com/davecgh/go-spew v1.1.0/go.mod h1:J7Y8YcW2NihsgmVo/mv3lAwl/skON4iLHjSsI+c5H38=
github.com/davecgh/go-spew v1.1.1 h1:vj9j/u1bqnvCEfJOwUhtlOARqs3+rkHYY13jYWTU97c=
github.com/davecgh/go-spew v1.1.1/go.mod h1:J7Y8YcW2NihsgmVo/mv3lAwl/skON4iLHjSsI+c5H38=
github.com/fatih/color v1.10.0 h1:s36xzo75JdqLaaWoiEHk767eHiwo0598uUxyfiPkDsg=
github.com/fatih/color v1.10.0/go.mod h1:ELkj/draVOlAH/xkhN6mQ50Qd0MPOk5AAr3maGEBuJM=
github.com/garyburd/redigo v1.6.2 h1:yE/pwKCrbLpLpQICzYTeZ7JsTA/C53wFTJHaEtRqniM=
github.com/garyburd/redigo v1.6.2/go.mod h1:NR3MbYisc3/PwhQ00EMzDiPmrwpPxAn5GI05/YaO1SY=
github.com/go-sql-driver/mysql v1.6.0 h1:BCTh4TKNUYmOmMUcQ3IipzF5prigylS7XXjEkfCHuOE=
github.com/go-sql-driver/mysql v1.6.0/go.mod h1:DCzpHaOWr8IXmIStZouvnhqoel9Qv2LBy8hT2VhHyBg=
github.com/go-test/deep v1.0.7/go.mod h1:QV8Hv/iy04NyLBxAdO9njL0iVPN1S4d/A3NVv1V36o8=
github.com/go-test/deep v1.0.8/go.mod h1:5C2ZWiW0ErCdrYzpqxLbTX7MG14M9iiw8DgHncVwcsE=
github.com/gocql/gocql v0.0.0-20210515062232-b7ef815b4556 h1:N/MD/sr6o61X+iZBAT2qEUF023s4KbA8RWfKzl0L6MQ=
github.com/gocql/gocql v0.0.0-20210515062232-b7ef815b4556/go.mod h1:DL0ekTmBSTdlNF25Orwt/JMzqIq3EJ4MVa/J/uK64OY=
github.com/golang/snappy v0.0.0-20170215233205-553a64147049 h1:K9KHZbXKpGydfDN0aZrsoHpLJlZsBrGMFWbgLDGnPZk=
github.com/golang/snappy v0.0.0-20170215233205-553a64147049/go.mod h1:/XxbfmMg8lxefKM7IXC3fBNl/7bRcc72aCRzEWrmP2Q=
github.com/hailocab/go-hostpool v0.0.0-20160125115350-e80d13ce29ed h1:5upAirOpQc1Q53c0bnx2ufif5kANL7bfZWcc6VJWJd8=
github.com/hailocab/go-hostpool v0.0.0-20160125115350-e80d13ce29ed/go.mod h1:tMWxXQ9wFIaZeTI9F+hmhFiGpFmhOHzyShyFUhRm0H4=
github.com/kr/pretty v0.1.0 h1:L/CwN0zerZDmRFUapSPitk6f+Q3+0za1rQkzVuMiMFI=
github.com/kr/pretty v0.1.0/go.mod h1:dAy3ld7l9f0ibDNOQOHHMYYIIbhfbHSm3C4ZsoJORNo=
github.com/kr/pty v1.1.1/go.mod h1:pFQYn66WHrOpPYNljwOMqo10TkYh1fy3cYio2l3bCsQ=
github.com/kr/text v0.1.0 h1:45sCR5RtlFHMR4UwH9sdQ5TC8v0qDQCHnXt+kaKSTVE=
github.com/kr/text v0.1.0/go.mod h1:4Jbv+DJW3UT/LiOwJeYQe1efqtUx/iVham/4vfdArNI=
github.com/lib/pq v1.9.0/go.mod h1:AlVN5x4E4T544tWzH6hKfbfQvm3HdbOxrmggDNAPY9o=
github.com/lib/pq v1.10.2 h1:AqzbZs4ZoCBp+GtejcpCpcxM3zlSMx29dXbUSeVtJb8=
github.com/lib/pq v1.10.2/go.mod h1:AlVN5x4E4T544tWzH6hKfbfQvm3HdbOxrmggDNAPY9o=
github.com/lovego/alarm v0.0.6 h1:4kNTvKtkEDG9uLKBEpovSHD2ArEwFxkY7EN0qu7qRKw=
github.com/lovego/alarm v0.0.6/go.mod h1:YHHa2ysl06oc51BBE8L3HO/iDR4GfWTfry02+1y46Ik=
github.com/lovego/bsql v0.0.3 h1:F7yTYwFNWS46wEISdVhQ+VNE96WlV6/XwWdJzrdif64=
github.com/lovego/bsql v0.0.3/go.mod h1:CQXZVejnz6ov2n8iql4dHpR5hj1/sih19mmMCWIXz3g=
github.com/lovego/config_sdk/go_config_sdk v0.0.0-20211228111355-e2741134ab8e h1:5nkUlQWqRXGEPvT14k6LJkqf3rRR860YDtUQVE3lzBA=
github.com/lovego/config_sdk/go_config_sdk v0.0.0-20211228111355-e2741134ab8e/go.mod h1:QNTCfEEqCFJJZpX3RrWtqphpqzBrgUce5FjLreIQQWw=
github.com/lovego/config_sdk/go_config_sdk v0.0.0-20211229060851-2ae35003716d h1:lU71IMr53fg35+T1yOjf6Iyo4x7J6pFjcJiiC/hzsaM=
github.com/lovego/config_sdk/go_config_sdk v0.0.0-20211229060851-2ae35003716d/go.mod h1:QNTCfEEqCFJJZpX3RrWtqphpqzBrgUce5FjLreIQQWw=
github.com/lovego/config_sdk/go_config_sdk v0.0.0-20211229064151-08ad620e7e54 h1:Nb24Veobf8uZgJUsle04m3qPD6h8g6yeanoOEtn8DZc=
github.com/lovego/config_sdk/go_config_sdk v0.0.0-20211229064151-08ad620e7e54/go.mod h1:QNTCfEEqCFJJZpX3RrWtqphpqzBrgUce5FjLreIQQWw=
github.com/lovego/config_sdk/go_config_sdk v0.0.0-20211229081009-5e3148dda5bd h1:1ul7FuiWaPLmnTqSz44439AKoSsVwG8uukAAupi8/OQ=
github.com/lovego/config_sdk/go_config_sdk v0.0.0-20211229081009-5e3148dda5bd/go.mod h1:QNTCfEEqCFJJZpX3RrWtqphpqzBrgUce5FjLreIQQWw=
github.com/lovego/date v0.0.0-20200911055540-3565a62cb479 h1:74DRkcosqy8d0qQdUgdXo7HlmqbCa0pV2eoCM7lQT7U=
github.com/lovego/date v0.0.0-20200911055540-3565a62cb479/go.mod h1:dHef61fZ3P8JwWJvgK600bob+q2Guy1DnexxaXSqgNo=
github.com/lovego/deep v0.0.0-20181026090555-43e991e46ed7 h1:KL642hJa42mH7BeOmgH1cD0Tq/9hMYZeSZWYUoyJTnc=
github.com/lovego/deep v0.0.0-20181026090555-43e991e46ed7/go.mod h1:XynII9aoyVfwNWOKBa/Hfn7+SXuc09qgYyzv0VOhGLE=
github.com/lovego/duration v0.0.0-20200802140436-42c773e4fb38 h1:CMDJi86iyRiMnxtnswEp3m1gSIhVVF3qj02ZWD+hurM=
github.com/lovego/duration v0.0.0-20200802140436-42c773e4fb38/go.mod h1:zWeN/5zaL2SMyp1FLYjJ4zf8el6OXmcvbj0ydMEnIb8=
github.com/lovego/email v0.0.5 h1:ldvGWGXO0mxi3l8aZTRjHSf49ckMEOFpBBjKdoLC44k=
github.com/lovego/email v0.0.5/go.mod h1:Zvp/wnKBedEO1wio0X2ge2UoQ5u4sSoqqciVMZd8Z8U=
github.com/lovego/errs v0.0.0-20200914124519-002655aaf593/go.mod h1:FfIOS6S5g1NZl4X4jGnY5DifiOaKOpv4N9wZXUKej8k=
github.com/lovego/errs v0.0.5 h1:EXCp1vx5KSTXHmtRMb9beMC+Hm+y9rGiOVBeN9yRZ5o=
github.com/lovego/errs v0.0.5/go.mod h1:ghGAxm7RQySjaQ7+H0qWei20i/KcIGsyD4XZnj4tK/0=
github.com/lovego/fs v0.0.4 h1:sMszhIilyOc/aYkTweinZYglyjwQrdeBVf6vwhlo0xc=
github.com/lovego/fs v0.0.4/go.mod h1:rn6mRqNaC3noNNdckmOH0h9uvcka9JNvk1KbgZyh47Q=
github.com/lovego/logger v0.0.3 h1:7rvMnfx/LPBAc1WkV70KO0hotz5m6u62aSUSrZ/HMb4=
github.com/lovego/logger v0.0.3/go.mod h1:kAUy2TeoUGs/1TtH7GKcYUD7JG9ZD10fWZNmhAwYNKo=
github.com/lovego/maps v0.0.0-20190404131308-5c14106deb1f/go.mod h1:7hsF4cgdpLGo+c6/0bQAKi14FnRIqmFu2bfAHKdQuG8=
github.com/lovego/pool v0.0.7 h1:2RuvCCw30mwK1l4yVs24tZGjexX59iYBJaVWwl2arZM=
github.com/lovego/pool v0.0.7/go.mod h1:JL2qHUXNI8RlmDhuZpxIHJhEu+jcBWCABxxDAXRzb0w=
github.com/lovego/strmap v0.0.0-20190329135032-007683ae22da/go.mod h1:oVx+EwWDDNWwGXrfEuzvPbHi3DO8tYU5EfT5nXzfU/o=
github.com/lovego/strmap v0.0.0-20211228093343-09d28c495476 h1:CT26089xf+f8fGXceWRHY1L2bf9o4zmfuXj3F9C5/z8=
github.com/lovego/strmap v0.0.0-20211228093343-09d28c495476/go.mod h1:jxjzUB/kffZLaMpXOMxMkuQfNDcQuKOHNKb+Xl0tLkQ=
github.com/lovego/struct_tag v0.0.0-20200821111615-1a11055a2d31 h1:ivs6MCONAgAxVwtFzw076W2Y71Ey3JvXoq84QlDyyDs=
github.com/lovego/struct_tag v0.0.0-20200821111615-1a11055a2d31/go.mod h1:2Y5edfo2L39OxqqJqk0w67T136Njegcfi6YeOCbEkng=
github.com/lovego/structs v0.0.0-20210207031546-7db08510750d h1:jSrxw9x99zDZ5OLp63KVqw4oFMg5+/NS9dZumaDPJF8=
github.com/lovego/structs v0.0.0-20210207031546-7db08510750d/go.mod h1:pQsJc6Te//8NDwEMvPHjB6o25Ghr8ahkxtxwHtpKkIM=
github.com/lovego/tracer v0.0.0-20200207073659-f9fecb73b19f/go.mod h1:aKGpzdC+2JKu/90fy95JH9Ndaske6mVUEpwMW6rsvMo=
github.com/lovego/tracer v0.0.1 h1:NAggoG9bu9JrgSFOUPmZBmshmT7myOFAIy1zWeNNt9o=
github.com/lovego/tracer v0.0.1/go.mod h1:cqfr/BqdkspXnph/SO8AOt58d+ziUGEzzM3OXMtI0rc=
github.com/mattn/go-colorable v0.1.8 h1:c1ghPdyEDarC70ftn0y+A/Ee++9zz8ljHG1b13eJ0s8=
github.com/mattn/go-colorable v0.1.8/go.mod h1:u6P/XSegPjTcexA+o6vUJrdnUu04hMope9wVRipJSqc=
github.com/mattn/go-isatty v0.0.12 h1:wuysRhFDzyxgEmMf5xjvJ2M9dZoWAXNNr5LSBS7uHXY=
github.com/mattn/go-isatty v0.0.12/go.mod h1:cbi8OIDigv2wuxKPP5vlRcQ1OAZbq2CE4Kysco4FUpU=
github.com/mattn/go-runewidth v0.0.10 h1:CoZ3S2P7pvtP45xOtBw+/mDL2z0RKI576gSkzRRpdGg=
github.com/mattn/go-runewidth v0.0.10/go.mod h1:RAqKPSqVFrSLVXbA8x7dzmKdmGzieGRCM46jaSJTDAk=
github.com/pmezard/go-difflib v1.0.0 h1:4DBwDE0NGyQoBHbLQYPwSUPoCMWR5BEzIk/f1lZbAQM=
github.com/pmezard/go-difflib v1.0.0/go.mod h1:iKH77koFhYxTK1pcRnkKkqfTogsbg7gZNVY4sRDYZ/4=
github.com/rivo/uniseg v0.1.0 h1:+2KBaVoUmb9XzDsrx/Ct0W/EYOSFf/nWTauy++DprtY=
github.com/rivo/uniseg v0.1.0/go.mod h1:J6wj4VEh+S6ZtnVlnTBMWIodfgj8LQOQFoIToxlJtxc=
github.com/shopspring/decimal v1.2.0 h1:abSATXmQEYyShuxI4/vyW3tV1MrKAJzCZ/0zLUXYbsQ=
github.com/shopspring/decimal v1.2.0/go.mod h1:DKyhrW/HYNuLGql+MJL6WCR6knT2jwCFRcu2hWCYk4o=
github.com/spf13/cast v1.4.1 h1:s0hze+J0196ZfEMTs80N7UlFt0BDuQ7Q+JDnHiMWKdA=
github.com/spf13/cast v1.4.1/go.mod h1:Qx5cxh0v+4UWYiBimWS+eyWzqEqokIECu5etghLkUJE=
github.com/stretchr/objx v0.1.0/go.mod h1:HFkY916IF+rwdDfMAkV7OtwuqBVzrE8GR6GFx+wExME=
github.com/stretchr/testify v1.2.2/go.mod h1:a8OnRcib4nhh0OaRAV+Yts87kKdq0PP7pXfy6kDkUVs=
github.com/stretchr/testify v1.3.0 h1:TivCn/peBQ7UY8ooIcPgZFpTNSz0Q2U6UrFlUfqbe0Q=
github.com/stretchr/testify v1.3.0/go.mod h1:M5WIy9Dh21IEIfnGCwXGc5bZfKNJtfHm1UVUgZn+9EI=
golang.org/x/sys v0.0.0-20200116001909-b77594299b42/go.mod h1:h1NjWce9XRLGQEsW7wpKNCjG9DtNlClVuFLEZdDNbEs=
golang.org/x/sys v0.0.0-20200223170610-d5e6a3e2c0ae h1:/WDfKMnPU+m5M4xB+6x4kaepxRw6jWvR5iDRdvjHgy8=
golang.org/x/sys v0.0.0-20200223170610-d5e6a3e2c0ae/go.mod h1:h1NjWce9XRLGQEsW7wpKNCjG9DtNlClVuFLEZdDNbEs=
gopkg.in/check.v1 v0.0.0-20161208181325-20d25e280405 h1:yhCVgyC4o1eVCa2tZl7eS0r+SDo693bJlVdllGtEeKM=
gopkg.in/check.v1 v0.0.0-20161208181325-20d25e280405/go.mod h1:Co6ibVJAznAaIkqp8huTwlJQCZ016jof/cbN4VW5Yz0=
gopkg.in/inf.v0 v0.9.1 h1:73M5CoZyi3ZLMOyDlQh031Cx6N9NDJ2Vvfl76EDAgDc=
gopkg.in/inf.v0 v0.9.1/go.mod h1:cWUDdTG/fYaXco+Dcufb5Vnc6Gp2YChqWtbxRZE0mXw=
gopkg.in/mgo.v2 v2.0.0-20190816093944-a6b53ec6cb22 h1:VpOs+IwYnYBaFnrNAeB8UUWtL3vEUnzSCL1nVjPhqrw=
gopkg.in/mgo.v2 v2.0.0-20190816093944-a6b53ec6cb22/go.mod h1:yeKp02qBN3iKW1OzL3MGk2IdtZzaj7SFntXj72NppTA=
gopkg.in/yaml.v2 v2.4.0 h1:D8xgwECY7CYvx+Y2n4sBz93Jn9JRvxdiyyo8CTfuKaY=
gopkg.in/yaml.v2 v2.4.0/go.mod h1:RDklbk79AGWmwhnvt/jBztapEOGDOx6ZbXqjP6csGnQ=
gopkg.in/yaml.v3 v3.0.0-20210107192922-496545a6307b h1:h8qDotaEPuJATrMmW04NCwg7v22aHH28wwpauUhK9Oo=
gopkg.in/yaml.v3 v3.0.0-20210107192922-496545a6307b/go.mod h1:K4uyk7z7BCEPqu6E+C64Yfv1cQ7kz7rIZviUmN+EgEM=
