github.com/bitly/go-hostpool v0.0.0-20171023180738-a3a6125de932 h1:mXoPYz/Ul5HYEDvkta6I8/rnYM5gSdSV2tJ6XbZuEtY=
github.com/bitly/go-hostpool v0.0.0-20171023180738-a3a6125de932/go.mod h1:NOuUCSz6Q9T7+igc/hlvDOUdtWKryOrtFyIVABv/p7k=
github.com/bmizerany/assert v0.0.0-20160611221934-b7ed37b82869 h1:DDGfHa7BWjL4YnC6+E63dPcxHo2sUxDIu8g3QgEJdRY=
github.com/bmizerany/assert v0.0.0-20160611221934-b7ed37b82869/go.mod h1:Ekp36dRnpXw/yCqJaO+ZrUyxD+3VXMFFr56k5XYrpB4=
github.com/davecgh/go-spew v1.1.0/go.mod h1:J7Y8YcW2NihsgmVo/mv3lAwl/skON4iLHjSsI+c5H38=
github.com/davecgh/go-spew v1.1.1 h1:vj9j/u1bqnvCEfJOwUhtlOARqs3+rkHYY13jYWTU97c=
github.com/davecgh/go-spew v1.1.1/go.mod h1:J7Y8YcW2NihsgmVo/mv3lAwl/skON4iLHjSsI+c5H38=
github.com/fatih/color v1.13.0 h1:8LOYc1KYPPmyKMuN8QV2DNRWNbLo6LZ0iLs8+mlH53w=
github.com/fatih/color v1.13.0/go.mod h1:kLAiJbzzSOZDVNGyDpeOxJ47H46qBXwg5ILebYFFOfk=
github.com/garyburd/redigo v1.6.3 h1:HCeeRluvAgMusMomi1+6Y5dmFOdYV/JzoRrrbFlkGIc=
github.com/garyburd/redigo v1.6.3/go.mod h1:rTb6epsqigu3kYKBnaF028A7Tf/Aw5s0cqA47doKKqw=
github.com/go-sql-driver/mysql v1.6.0 h1:BCTh4TKNUYmOmMUcQ3IipzF5prigylS7XXjEkfCHuOE=
github.com/go-sql-driver/mysql v1.6.0/go.mod h1:DCzpHaOWr8IXmIStZouvnhqoel9Qv2LBy8hT2VhHyBg=
github.com/go-test/deep v1.0.7/go.mod h1:QV8Hv/iy04NyLBxAdO9njL0iVPN1S4d/A3NVv1V36o8=
github.com/go-test/deep v1.0.8/go.mod h1:5C2ZWiW0ErCdrYzpqxLbTX7MG14M9iiw8DgHncVwcsE=
github.com/gocql/gocql v0.0.0-20211222173705-d73e6b1002a7 h1:jmIMM+nEO+vjz9xaRIg9sZNtNLq5nsSbsxwe1OtRwv4=
github.com/gocql/gocql v0.0.0-20211222173705-d73e6b1002a7/go.mod h1:3gM2c4D3AnkISwBxGnMMsS8Oy4y2lhbPRsH4xnJrHG8=
github.com/golang/snappy v0.0.3/go.mod h1:/XxbfmMg8lxefKM7IXC3fBNl/7bRcc72aCRzEWrmP2Q=
github.com/golang/snappy v0.0.4 h1:yAGX7huGHXlcLOEtBnF4w7FQwA26wojNCwOYAEhLjQM=
github.com/golang/snappy v0.0.4/go.mod h1:/XxbfmMg8lxefKM7IXC3fBNl/7bRcc72aCRzEWrmP2Q=
github.com/hailocab/go-hostpool v0.0.0-20160125115350-e80d13ce29ed h1:5upAirOpQc1Q53c0bnx2ufif5kANL7bfZWcc6VJWJd8=
github.com/hailocab/go-hostpool v0.0.0-20160125115350-e80d13ce29ed/go.mod h1:tMWxXQ9wFIaZeTI9F+hmhFiGpFmhOHzyShyFUhRm0H4=
github.com/kr/pretty v0.1.0 h1:L/CwN0zerZDmRFUapSPitk6f+Q3+0za1rQkzVuMiMFI=
github.com/kr/pretty v0.1.0/go.mod h1:dAy3ld7l9f0ibDNOQOHHMYYIIbhfbHSm3C4ZsoJORNo=
github.com/kr/pty v1.1.1/go.mod h1:pFQYn66WHrOpPYNljwOMqo10TkYh1fy3cYio2l3bCsQ=
github.com/kr/text v0.1.0 h1:45sCR5RtlFHMR4UwH9sdQ5TC8v0qDQCHnXt+kaKSTVE=
github.com/kr/text v0.1.0/go.mod h1:4Jbv+DJW3UT/LiOwJeYQe1efqtUx/iVham/4vfdArNI=
github.com/lib/pq v1.10.3/go.mod h1:AlVN5x4E4T544tWzH6hKfbfQvm3HdbOxrmggDNAPY9o=
github.com/lib/pq v1.10.4 h1:SO9z7FRPzA03QhHKJrH5BXA6HU1rS4V2nIVrrNC1iYk=
github.com/lib/pq v1.10.4/go.mod h1:AlVN5x4E4T544tWzH6hKfbfQvm3HdbOxrmggDNAPY9o=
github.com/lovego/alarm v0.0.6 h1:4kNTvKtkEDG9uLKBEpovSHD2ArEwFxkY7EN0qu7qRKw=
github.com/lovego/alarm v0.0.6/go.mod h1:YHHa2ysl06oc51BBE8L3HO/iDR4GfWTfry02+1y46Ik=
github.com/lovego/bsql v0.1.6 h1:Xpj+/8jKihE7yM+a/CVZhmcCVZM5Ndn+RyQVyDlqC9k=
github.com/lovego/bsql v0.1.6/go.mod h1:Acu72oVLjXiyEphdDw2EJTjAHoHCMSChKSzchWCkUeI=
github.com/lovego/config_sdk/go_config_sdk v0.0.0-20220113084425-e9dd7ac96d1f h1:0n3rJfl1Bhnx90oQ5L8DBz100yHprC4b1FA+cH/lrY0=
github.com/lovego/config_sdk/go_config_sdk v0.0.0-20220113084425-e9dd7ac96d1f/go.mod h1:Az6P9eLGUtRSCVvlu6rdrKSBV0NoLzEVwEky0mIw1/M=
github.com/lovego/date v0.0.2 h1:CspWMv90bY/5hAHEgDuWZNd6a/GOfVnoEEvDeZmyJbs=
github.com/lovego/date v0.0.2/go.mod h1:wzY5dhOOmHD79SMuThTimEFopT6oZYRiSMv4bkBiw3Q=
github.com/lovego/deep v0.0.0-20181026090555-43e991e46ed7 h1:KL642hJa42mH7BeOmgH1cD0Tq/9hMYZeSZWYUoyJTnc=
github.com/lovego/deep v0.0.0-20181026090555-43e991e46ed7/go.mod h1:XynII9aoyVfwNWOKBa/Hfn7+SXuc09qgYyzv0VOhGLE=
github.com/lovego/duration v0.0.0-20200802140436-42c773e4fb38 h1:CMDJi86iyRiMnxtnswEp3m1gSIhVVF3qj02ZWD+hurM=
github.com/lovego/duration v0.0.0-20200802140436-42c773e4fb38/go.mod h1:zWeN/5zaL2SMyp1FLYjJ4zf8el6OXmcvbj0ydMEnIb8=
github.com/lovego/email v0.0.5 h1:ldvGWGXO0mxi3l8aZTRjHSf49ckMEOFpBBjKdoLC44k=
github.com/lovego/email v0.0.5/go.mod h1:Zvp/wnKBedEO1wio0X2ge2UoQ5u4sSoqqciVMZd8Z8U=
github.com/lovego/errs v0.0.5/go.mod h1:ghGAxm7RQySjaQ7+H0qWei20i/KcIGsyD4XZnj4tK/0=
github.com/lovego/errs v0.0.7 h1:FxEqYLI2H7z1tUGqLCvuIqatKNi1eJqVHdLwx7A2NFc=
github.com/lovego/errs v0.0.7/go.mod h1:ghGAxm7RQySjaQ7+H0qWei20i/KcIGsyD4XZnj4tK/0=
github.com/lovego/fs v0.0.4 h1:sMszhIilyOc/aYkTweinZYglyjwQrdeBVf6vwhlo0xc=
github.com/lovego/fs v0.0.4/go.mod h1:rn6mRqNaC3noNNdckmOH0h9uvcka9JNvk1KbgZyh47Q=
github.com/lovego/logger v0.0.3 h1:7rvMnfx/LPBAc1WkV70KO0hotz5m6u62aSUSrZ/HMb4=
github.com/lovego/logger v0.0.3/go.mod h1:kAUy2TeoUGs/1TtH7GKcYUD7JG9ZD10fWZNmhAwYNKo=
github.com/lovego/pool v0.0.7 h1:2RuvCCw30mwK1l4yVs24tZGjexX59iYBJaVWwl2arZM=
github.com/lovego/pool v0.0.7/go.mod h1:JL2qHUXNI8RlmDhuZpxIHJhEu+jcBWCABxxDAXRzb0w=
github.com/lovego/strmap v0.0.0-20190329135032-007683ae22da/go.mod h1:oVx+EwWDDNWwGXrfEuzvPbHi3DO8tYU5EfT5nXzfU/o=
github.com/lovego/strmap v0.0.0-20211228093343-09d28c495476 h1:CT26089xf+f8fGXceWRHY1L2bf9o4zmfuXj3F9C5/z8=
github.com/lovego/strmap v0.0.0-20211228093343-09d28c495476/go.mod h1:jxjzUB/kffZLaMpXOMxMkuQfNDcQuKOHNKb+Xl0tLkQ=
github.com/lovego/strs v0.0.2 h1:+HdgzXAm/NDotTfXyH22CCzUifpiyqsdaTTj61C4s6I=
github.com/lovego/strs v0.0.2/go.mod h1:Ivt9jHXs/VOhRKPDDWeF2d1PUeR5wJdUKpmsnVCjoz8=
github.com/lovego/struct_tag v0.0.3 h1:7WDwH8jQv2hFFikoU05OdIOGS6riL2TEeGbminrY/+w=
github.com/lovego/struct_tag v0.0.3/go.mod h1:Q1otUkTCkcK/oo650zZiElIpQD2CAEJDZcjjhZ9aJnk=
github.com/lovego/structs v0.0.3 h1:zZCWfJAjr6GFnl9ZBb7BUwfXLt4GAWJ6mUdDfXgzgBA=
github.com/lovego/structs v0.0.3/go.mod h1:XsHdgZPde3XDzk3eJ49xfBSk2q+6nmYzrWK93sN7PQQ=
github.com/lovego/tracer v0.0.1/go.mod h1:cqfr/BqdkspXnph/SO8AOt58d+ziUGEzzM3OXMtI0rc=
github.com/lovego/tracer v0.0.2 h1:lDD3v00VU8oRu/ajX+sj9M1Zf1T0/+QpjWEiqIxPDqM=
github.com/lovego/tracer v0.0.2/go.mod h1:cqfr/BqdkspXnph/SO8AOt58d+ziUGEzzM3OXMtI0rc=
github.com/lovego/value v0.0.6 h1:IjcWYzdzBYulG0MgjJmXPKykbaHI38BCrFm2UnVLXEY=
github.com/lovego/value v0.0.6/go.mod h1:wbIQqJV/maTdSpWhjaVyGr/6xIWIlH6Y7nzDzVJ8WIY=
github.com/mattn/go-colorable v0.1.9/go.mod h1:u6P/XSegPjTcexA+o6vUJrdnUu04hMope9wVRipJSqc=
github.com/mattn/go-colorable v0.1.12 h1:jF+Du6AlPIjs2BiUiQlKOX0rt3SujHxPnksPKZbaA40=
github.com/mattn/go-colorable v0.1.12/go.mod h1:u5H1YNBxpqRaxsYJYSkiCWKzEfiAb1Gb520KVy5xxl4=
github.com/mattn/go-isatty v0.0.12/go.mod h1:cbi8OIDigv2wuxKPP5vlRcQ1OAZbq2CE4Kysco4FUpU=
github.com/mattn/go-isatty v0.0.14 h1:yVuAays6BHfxijgZPzw+3Zlu5yQgKGP2/hcQbHb7S9Y=
github.com/mattn/go-isatty v0.0.14/go.mod h1:7GGIvUiUoEMVVmxf/4nioHXj79iQHKdU27kJ6hsGG94=
github.com/mattn/go-runewidth v0.0.13 h1:lTGmDsbAYt5DmK6OnoV7EuIF1wEIFAcxld6ypU4OSgU=
github.com/mattn/go-runewidth v0.0.13/go.mod h1:Jdepj2loyihRzMpdS35Xk/zdY8IAYHsh153qUoGf23w=
github.com/pmezard/go-difflib v1.0.0 h1:4DBwDE0NGyQoBHbLQYPwSUPoCMWR5BEzIk/f1lZbAQM=
github.com/pmezard/go-difflib v1.0.0/go.mod h1:iKH77koFhYxTK1pcRnkKkqfTogsbg7gZNVY4sRDYZ/4=
github.com/rivo/uniseg v0.2.0 h1:S1pD9weZBuJdFmowNwbpi7BJ8TNftyUImj/0WQi72jY=
github.com/rivo/uniseg v0.2.0/go.mod h1:J6wj4VEh+S6ZtnVlnTBMWIodfgj8LQOQFoIToxlJtxc=
github.com/shopspring/decimal v1.2.0/go.mod h1:DKyhrW/HYNuLGql+MJL6WCR6knT2jwCFRcu2hWCYk4o=
github.com/shopspring/decimal v1.3.1 h1:2Usl1nmF/WZucqkFZhnfFYxxxu8LG21F6nPQBE5gKV8=
github.com/shopspring/decimal v1.3.1/go.mod h1:DKyhrW/HYNuLGql+MJL6WCR6knT2jwCFRcu2hWCYk4o=
github.com/spf13/cast v1.4.1 h1:s0hze+J0196ZfEMTs80N7UlFt0BDuQ7Q+JDnHiMWKdA=
github.com/spf13/cast v1.4.1/go.mod h1:Qx5cxh0v+4UWYiBimWS+eyWzqEqokIECu5etghLkUJE=
github.com/stretchr/objx v0.1.0/go.mod h1:HFkY916IF+rwdDfMAkV7OtwuqBVzrE8GR6GFx+wExME=
github.com/stretchr/testify v1.2.2/go.mod h1:a8OnRcib4nhh0OaRAV+Yts87kKdq0PP7pXfy6kDkUVs=
github.com/stretchr/testify v1.3.0 h1:TivCn/peBQ7UY8ooIcPgZFpTNSz0Q2U6UrFlUfqbe0Q=
github.com/stretchr/testify v1.3.0/go.mod h1:M5WIy9Dh21IEIfnGCwXGc5bZfKNJtfHm1UVUgZn+9EI=
golang.org/x/sys v0.0.0-20200116001909-b77594299b42/go.mod h1:h1NjWce9XRLGQEsW7wpKNCjG9DtNlClVuFLEZdDNbEs=
golang.org/x/sys v0.0.0-20200223170610-d5e6a3e2c0ae/go.mod h1:h1NjWce9XRLGQEsW7wpKNCjG9DtNlClVuFLEZdDNbEs=
golang.org/x/sys v0.0.0-20210630005230-0f9fa26af87c/go.mod h1:oPkhp1MJrh7nUepCBck5+mAzfO9JrbApNNgaTdGDITg=
golang.org/x/sys v0.0.0-20210921065528-437939a70204/go.mod h1:oPkhp1MJrh7nUepCBck5+mAzfO9JrbApNNgaTdGDITg=
golang.org/x/sys v0.0.0-20210927094055-39ccf1dd6fa6/go.mod h1:oPkhp1MJrh7nUepCBck5+mAzfO9JrbApNNgaTdGDITg=
golang.org/x/sys v0.0.0-20220111092808-5a964db01320 h1:0jf+tOCoZ3LyutmCOWpVni1chK4VfFLhRsDK7MhqGRY=
golang.org/x/sys v0.0.0-20220111092808-5a964db01320/go.mod h1:oPkhp1MJrh7nUepCBck5+mAzfO9JrbApNNgaTdGDITg=
gopkg.in/check.v1 v0.0.0-20161208181325-20d25e280405 h1:yhCVgyC4o1eVCa2tZl7eS0r+SDo693bJlVdllGtEeKM=
gopkg.in/check.v1 v0.0.0-20161208181325-20d25e280405/go.mod h1:Co6ibVJAznAaIkqp8huTwlJQCZ016jof/cbN4VW5Yz0=
gopkg.in/inf.v0 v0.9.1 h1:73M5CoZyi3ZLMOyDlQh031Cx6N9NDJ2Vvfl76EDAgDc=
gopkg.in/inf.v0 v0.9.1/go.mod h1:cWUDdTG/fYaXco+Dcufb5Vnc6Gp2YChqWtbxRZE0mXw=
gopkg.in/mgo.v2 v2.0.0-20190816093944-a6b53ec6cb22 h1:VpOs+IwYnYBaFnrNAeB8UUWtL3vEUnzSCL1nVjPhqrw=
gopkg.in/mgo.v2 v2.0.0-20190816093944-a6b53ec6cb22/go.mod h1:yeKp02qBN3iKW1OzL3MGk2IdtZzaj7SFntXj72NppTA=
gopkg.in/yaml.v2 v2.4.0 h1:D8xgwECY7CYvx+Y2n4sBz93Jn9JRvxdiyyo8CTfuKaY=
gopkg.in/yaml.v2 v2.4.0/go.mod h1:RDklbk79AGWmwhnvt/jBztapEOGDOx6ZbXqjP6csGnQ=
gopkg.in/yaml.v3 v3.0.0-20210107192922-496545a6307b h1:h8qDotaEPuJATrMmW04NCwg7v22aHH28wwpauUhK9Oo=
gopkg.in/yaml.v3 v3.0.0-20210107192922-496545a6307b/go.mod h1:K4uyk7z7BCEPqu6E+C64Yfv1cQ7kz7rIZviUmN+EgEM=
